
Microsoft Visual Studio Solution File, Format Version 12.00
# Visual Studio 15
VisualStudioVersion = 15.0.27004.2008
MinimumVisualStudioVersion = 10.0.40219.1
Project("{8BC9CEB8-8B4A-11D0-8D11-00A0C91BC942}") = "encoder", "encoder\encoder.vcxproj", "{67AEB5FB-4958-4A8F-B99E-EB00D7325736}"
EndProject
Project("{8BC9CEB8-8B4A-11D0-8D11-00A0C91BC942}") = "decoder", "decoder\decoder.vcxproj", "{06C875B7-D762-44C8-B702-683B04356CCC}"
EndProject
Global
	GlobalSection(SolutionConfigurationPlatforms) = preSolution
		Debug|Win32 = Debug|Win32
		Release|Win32 = Release|Win32
	EndGlobalSection
	GlobalSection(ProjectConfigurationPlatforms) = postSolution
		{67AEB5FB-4958-4A8F-B99E-EB00D7325736}.Debug|Win32.ActiveCfg = Debug|x64
		{67AEB5FB-4958-4A8F-B99E-EB00D7325736}.Debug|Win32.Build.0 = Debug|x64
		{67AEB5FB-4958-4A8F-B99E-EB00D7325736}.Release|Win32.ActiveCfg = Release|x64
		{67AEB5FB-4958-4A8F-B99E-EB00D7325736}.Release|Win32.Build.0 = Release|x64
		{06C875B7-D762-44C8-B702-683B04356CCC}.Debug|Win32.ActiveCfg = Debug|x64
		{06C875B7-D762-44C8-B702-683B04356CCC}.Debug|Win32.Build.0 = Debug|x64
		{06C875B7-D762-44C8-B702-683B04356CCC}.Release|Win32.ActiveCfg = Release|x64
		{06C875B7-D762-44C8-B702-683B04356CCC}.Release|Win32.Build.0 = Release|x64
	EndGlobalSection
	GlobalSection(SolutionProperties) = preSolution
		HideSolutionNode = FALSE
	EndGlobalSection
	GlobalSection(ExtensibilityGlobals) = postSolution
		SolutionGuid = {81C133E9-D45D-440A-8A46-D77864F5CF9D}
	EndGlobalSection
EndGlobal
