<?xml version="1.0" encoding="utf-8"?>
<Project ToolsVersion="4.0" xmlns="http://schemas.microsoft.com/developer/msbuild/2003">
  <ItemGroup>
    <ClInclude Include="..\src\Config.h" />
    <ClInclude Include="..\src\EncodingParams.h" />
    <ClInclude Include="..\src\EncTop.h" />
    <ClInclude Include="..\src\EntropyCoder.h" />
    <ClInclude Include="..\src\FlatnessDetection.h" />
    <ClInclude Include="..\src\RateControl.h" />
    <ClInclude Include="..\src\TypeDef.h" />
    <ClInclude Include="..\src\BpMode.h">
      <Filter>Modes</Filter>
    </ClInclude>
    <ClInclude Include="..\src\Mode.h">
      <Filter>Modes</Filter>
    </ClInclude>
    <ClInclude Include="..\src\MppfMode.h">
      <Filter>Modes</Filter>
    </ClInclude>
    <ClInclude Include="..\src\MppMode.h">
      <Filter>Modes</Filter>
    </ClInclude>
    <ClInclude Include="..\src\TransMode.h">
      <Filter>Modes</Filter>
    </ClInclude>
    <ClInclude Include="..\src\SyntaxElement.h">
      <Filter>SSM</Filter>
    </ClInclude>
    <ClInclude Include="..\src\Ssm.h">
      <Filter>SSM</Filter>
    </ClInclude>
    <ClInclude Include="..\src\Pps.h" />
    <ClInclude Include="..\src\BitFifo.h">
      <Filter>Support</Filter>
    </ClInclude>
    <ClInclude Include="..\src\Bitstream.h">
      <Filter>Support</Filter>
    </ClInclude>
    <ClInclude Include="..\src\Block.h">
      <Filter>Support</Filter>
    </ClInclude>
    <ClInclude Include="..\src\DebugMap.h">
      <Filter>Support</Filter>
    </ClInclude>
    <ClInclude Include="..\src\ImageFileIo.h">
      <Filter>Support</Filter>
    </ClInclude>
    <ClInclude Include="..\src\Misc.h">
      <Filter>Support</Filter>
    </ClInclude>
    <ClInclude Include="..\src\VideoFrame.h">
      <Filter>Support</Filter>
    </ClInclude>
    <ClInclude Include="..\src\BpSearchRange.h">
      <Filter>Modes</Filter>
    </ClInclude>
    <ClInclude Include="..\src\IntraPrediction.h">
      <Filter>Modes</Filter>
    </ClInclude>
  </ItemGroup>
  <ItemGroup>
    <ClCompile Include="..\src\EncodingParams.cpp" />
    <ClCompile Include="..\src\EncTop.cpp" />
    <ClCompile Include="..\src\EntropyCoder.cpp" />
    <ClCompile Include="..\src\FlatnessDetection.cpp" />
    <ClCompile Include="..\src\RateControl.cpp" />
    <ClCompile Include="..\src\BpMode.cpp">
      <Filter>Modes</Filter>
    </ClCompile>
    <ClCompile Include="..\src\Mode.cpp">
      <Filter>Modes</Filter>
    </ClCompile>
    <ClCompile Include="..\src\MppfMode.cpp">
      <Filter>Modes</Filter>
    </ClCompile>
    <ClCompile Include="..\src\MppMode.cpp">
      <Filter>Modes</Filter>
    </ClCompile>
    <ClCompile Include="..\src\TransMode.cpp">
      <Filter>Modes</Filter>
    </ClCompile>
    <ClCompile Include="..\src\SyntaxElement.cpp">
      <Filter>SSM</Filter>
    </ClCompile>
    <ClCompile Include="..\src\Ssm.cpp">
      <Filter>SSM</Filter>
    </ClCompile>
    <ClCompile Include="..\src\Pps.cpp" />
    <ClCompile Include="..\src\VdcmEncoder.cpp" />
    <ClCompile Include="..\src\BitFifo.cpp">
      <Filter>Support</Filter>
    </ClCompile>
    <ClCompile Include="..\src\Bitstream.cpp">
      <Filter>Support</Filter>
    </ClCompile>
    <ClCompile Include="..\src\Block.cpp">
      <Filter>Support</Filter>
    </ClCompile>
    <ClCompile Include="..\src\DebugMap.cpp">
      <Filter>Support</Filter>
    </ClCompile>
    <ClCompile Include="..\src\ImageFileIo.cpp">
      <Filter>Support</Filter>
    </ClCompile>
    <ClCompile Include="..\src\Misc.cpp">
      <Filter>Support</Filter>
    </ClCompile>
    <ClCompile Include="..\src\VideoFrame.cpp">
      <Filter>Support</Filter>
    </ClCompile>
    <ClCompile Include="..\src\BpSearchRange.cpp">
      <Filter>Modes</Filter>
    </ClCompile>
    <ClCompile Include="..\src\IntraPrediction.cpp">
      <Filter>Modes</Filter>
    </ClCompile>
  </ItemGroup>
  <ItemGroup>
    <Filter Include="Modes">
      <UniqueIdentifier>{1f87ea40-91b1-42d5-84e1-84b4087510c1}</UniqueIdentifier>
    </Filter>
    <Filter Include="SSM">
      <UniqueIdentifier>{f77448e6-2288-48e8-b0a4-14d294a59d4d}</UniqueIdentifier>
    </Filter>
    <Filter Include="Support">
      <UniqueIdentifier>{57f374f6-7e4c-4c56-972d-4c04b2dcd1e0}</UniqueIdentifier>
    </Filter>
  </ItemGroup>
</Project>